{
  "version": 4,
  "terraform_version": "0.12.28",
  "serial": 43,
  "lineage": "122c8068-87aa-073d-8541-ee94af0042ac",
  "outputs": {},
  "resources": [
    {
      "mode": "data",
      "type": "aws_ami",
      "name": "ami",
      "provider": "provider.aws",
      "instances": [
        {
          "schema_version": 0,
          "attributes": {
            "architecture": "x86_64",
            "arn": "arn:aws:ec2:us-east-2::image/ami-0ed9d2e6b42fd9de7",
            "block_device_mappings": [
              {
                "device_name": "/dev/sda1",
                "ebs": {
                  "delete_on_termination": "true",
                  "encrypted": "false",
                  "iops": "0",
                  "snapshot_id": "snap-04bbde31d14c12f02",
                  "volume_size": "16",
                  "volume_type": "gp2"
                },
                "no_device": "",
                "virtual_name": ""
              },
              {
                "device_name": "/dev/xvdb",
                "ebs": {},
                "no_device": "",
                "virtual_name": "ephemeral0"
              },
              {
                "device_name": "/dev/xvdc",
                "ebs": {},
                "no_device": "",
                "virtual_name": "ephemeral1"
              }
            ],
            "creation_date": "2020-08-28T12:18:49.000Z",
            "description": null,
            "executable_users": null,
            "filter": null,
            "hypervisor": "xen",
            "id": "ami-0ed9d2e6b42fd9de7",
            "image_id": "ami-0ed9d2e6b42fd9de7",
            "image_location": "973714476881/Centos-7-DevOps-Practice",
            "image_owner_alias": null,
            "image_type": "machine",
            "kernel_id": null,
            "most_recent": true,
            "name": "Centos-7-DevOps-Practice",
            "name_regex": "^Centos*",
            "owner_id": "973714476881",
            "owners": [
              "973714476881"
            ],
            "platform": null,
            "product_codes": [],
            "public": true,
            "ramdisk_id": null,
            "root_device_name": "/dev/sda1",
            "root_device_type": "ebs",
            "root_snapshot_id": "snap-04bbde31d14c12f02",
            "sriov_net_support": "simple",
            "state": "available",
            "state_reason": {
              "code": "UNSET",
              "message": "UNSET"
            },
            "tags": {
              "Base_AMI_Name": "CENTOS7CLEAN",
              "Created_By": "Packer",
              "Name": "Centos-7-DevOps-Practice"
            },
            "virtualization_type": "hvm"
          }
        }
      ]
    },
    {
      "mode": "managed",
      "type": "aws_route53_record",
      "name": "records",
      "each": "list",
      "provider": "provider.aws",
      "instances": [
        {
          "index_key": 0,
          "schema_version": 2,
          "attributes": {
            "alias": [],
            "allow_overwrite": null,
            "failover_routing_policy": [],
            "fqdn": "frontend.devopsb51.tk",
            "geolocation_routing_policy": [],
            "health_check_id": null,
            "id": "Z020952727UTZSZU8899Q_frontend_A",
            "latency_routing_policy": [],
            "multivalue_answer_routing_policy": null,
            "name": "frontend",
            "records": [
              "172.31.1.215"
            ],
            "set_identifier": null,
            "ttl": 300,
            "type": "A",
            "weighted_routing_policy": [],
            "zone_id": "Z020952727UTZSZU8899Q"
          },
          "private": "eyJzY2hlbWFfdmVyc2lvbiI6IjIifQ==",
          "dependencies": [
            "aws_spot_instance_request.cheap_worker"
          ]
        },
        {
          "index_key": 1,
          "schema_version": 2,
          "attributes": {
            "alias": [],
            "allow_overwrite": null,
            "failover_routing_policy": [],
            "fqdn": "catalogue.devopsb51.tk",
            "geolocation_routing_policy": [],
            "health_check_id": null,
            "id": "Z020952727UTZSZU8899Q_catalogue_A",
            "latency_routing_policy": [],
            "multivalue_answer_routing_policy": null,
            "name": "catalogue",
            "records": [
              "172.31.1.221"
            ],
            "set_identifier": null,
            "ttl": 300,
            "type": "A",
            "weighted_routing_policy": [],
            "zone_id": "Z020952727UTZSZU8899Q"
          },
          "private": "eyJzY2hlbWFfdmVyc2lvbiI6IjIifQ==",
          "dependencies": [
            "aws_spot_instance_request.cheap_worker"
          ]
        },
        {
          "index_key": 2,
          "schema_version": 2,
          "attributes": {
            "alias": [],
            "allow_overwrite": null,
            "failover_routing_policy": [],
            "fqdn": "cart.devopsb51.tk",
            "geolocation_routing_policy": [],
            "health_check_id": null,
            "id": "Z020952727UTZSZU8899Q_cart_A",
            "latency_routing_policy": [],
            "multivalue_answer_routing_policy": null,
            "name": "cart",
            "records": [
              "172.31.12.94"
            ],
            "set_identifier": null,
            "ttl": 300,
            "type": "A",
            "weighted_routing_policy": [],
            "zone_id": "Z020952727UTZSZU8899Q"
          },
          "private": "eyJzY2hlbWFfdmVyc2lvbiI6IjIifQ==",
          "dependencies": [
            "aws_spot_instance_request.cheap_worker"
          ]
        },
        {
          "index_key": 3,
          "schema_version": 2,
          "attributes": {
            "alias": [],
            "allow_overwrite": null,
            "failover_routing_policy": [],
            "fqdn": "user.devopsb51.tk",
            "geolocation_routing_policy": [],
            "health_check_id": null,
            "id": "Z020952727UTZSZU8899Q_user_A",
            "latency_routing_policy": [],
            "multivalue_answer_routing_policy": null,
            "name": "user",
            "records": [
              "172.31.8.28"
            ],
            "set_identifier": null,
            "ttl": 300,
            "type": "A",
            "weighted_routing_policy": [],
            "zone_id": "Z020952727UTZSZU8899Q"
          },
          "private": "eyJzY2hlbWFfdmVyc2lvbiI6IjIifQ==",
          "dependencies": [
            "aws_spot_instance_request.cheap_worker"
          ]
        },
        {
          "index_key": 4,
          "schema_version": 2,
          "attributes": {
            "alias": [],
            "allow_overwrite": null,
            "failover_routing_policy": [],
            "fqdn": "shipping.devopsb51.tk",
            "geolocation_routing_policy": [],
            "health_check_id": null,
            "id": "Z020952727UTZSZU8899Q_shipping_A",
            "latency_routing_policy": [],
            "multivalue_answer_routing_policy": null,
            "name": "shipping",
            "records": [
              "172.31.1.11"
            ],
            "set_identifier": null,
            "ttl": 300,
            "type": "A",
            "weighted_routing_policy": [],
            "zone_id": "Z020952727UTZSZU8899Q"
          },
          "private": "eyJzY2hlbWFfdmVyc2lvbiI6IjIifQ==",
          "dependencies": [
            "aws_spot_instance_request.cheap_worker"
          ]
        },
        {
          "index_key": 5,
          "schema_version": 2,
          "attributes": {
            "alias": [],
            "allow_overwrite": null,
            "failover_routing_policy": [],
            "fqdn": "payment.devopsb51.tk",
            "geolocation_routing_policy": [],
            "health_check_id": null,
            "id": "Z020952727UTZSZU8899Q_payment_A",
            "latency_routing_policy": [],
            "multivalue_answer_routing_policy": null,
            "name": "payment",
            "records": [
              "172.31.12.18"
            ],
            "set_identifier": null,
            "ttl": 300,
            "type": "A",
            "weighted_routing_policy": [],
            "zone_id": "Z020952727UTZSZU8899Q"
          },
          "private": "eyJzY2hlbWFfdmVyc2lvbiI6IjIifQ==",
          "dependencies": [
            "aws_spot_instance_request.cheap_worker"
          ]
        },
        {
          "index_key": 6,
          "schema_version": 2,
          "attributes": {
            "alias": [],
            "allow_overwrite": null,
            "failover_routing_policy": [],
            "fqdn": "mongodb.devopsb51.tk",
            "geolocation_routing_policy": [],
            "health_check_id": null,
            "id": "Z020952727UTZSZU8899Q_mongodb_A",
            "latency_routing_policy": [],
            "multivalue_answer_routing_policy": null,
            "name": "mongodb",
            "records": [
              "172.31.9.145"
            ],
            "set_identifier": null,
            "ttl": 300,
            "type": "A",
            "weighted_routing_policy": [],
            "zone_id": "Z020952727UTZSZU8899Q"
          },
          "private": "eyJzY2hlbWFfdmVyc2lvbiI6IjIifQ==",
          "dependencies": [
            "aws_spot_instance_request.cheap_worker"
          ]
        },
        {
          "index_key": 7,
          "schema_version": 2,
          "attributes": {
            "alias": [],
            "allow_overwrite": null,
            "failover_routing_policy": [],
            "fqdn": "mysql.devopsb51.tk",
            "geolocation_routing_policy": [],
            "health_check_id": null,
            "id": "Z020952727UTZSZU8899Q_mysql_A",
            "latency_routing_policy": [],
            "multivalue_answer_routing_policy": null,
            "name": "mysql",
            "records": [
              "172.31.14.86"
            ],
            "set_identifier": null,
            "ttl": 300,
            "type": "A",
            "weighted_routing_policy": [],
            "zone_id": "Z020952727UTZSZU8899Q"
          },
          "private": "eyJzY2hlbWFfdmVyc2lvbiI6IjIifQ==",
          "dependencies": [
            "aws_spot_instance_request.cheap_worker"
          ]
        },
        {
          "index_key": 8,
          "schema_version": 2,
          "attributes": {
            "alias": [],
            "allow_overwrite": null,
            "failover_routing_policy": [],
            "fqdn": "rabbitmq.devopsb51.tk",
            "geolocation_routing_policy": [],
            "health_check_id": null,
            "id": "Z020952727UTZSZU8899Q_rabbitmq_A",
            "latency_routing_policy": [],
            "multivalue_answer_routing_policy": null,
            "name": "rabbitmq",
            "records": [
              "172.31.3.58"
            ],
            "set_identifier": null,
            "ttl": 300,
            "type": "A",
            "weighted_routing_policy": [],
            "zone_id": "Z020952727UTZSZU8899Q"
          },
          "private": "eyJzY2hlbWFfdmVyc2lvbiI6IjIifQ==",
          "dependencies": [
            "aws_spot_instance_request.cheap_worker"
          ]
        },
        {
          "index_key": 9,
          "schema_version": 2,
          "attributes": {
            "alias": [],
            "allow_overwrite": null,
            "failover_routing_policy": [],
            "fqdn": "redis.devopsb51.tk",
            "geolocation_routing_policy": [],
            "health_check_id": null,
            "id": "Z020952727UTZSZU8899Q_redis_A",
            "latency_routing_policy": [],
            "multivalue_answer_routing_policy": null,
            "name": "redis",
            "records": [
              "172.31.13.37"
            ],
            "set_identifier": null,
            "ttl": 300,
            "type": "A",
            "weighted_routing_policy": [],
            "zone_id": "Z020952727UTZSZU8899Q"
          },
          "private": "eyJzY2hlbWFfdmVyc2lvbiI6IjIifQ==",
          "dependencies": [
            "aws_spot_instance_request.cheap_worker"
          ]
        }
      ]
    },
    {
      "mode": "managed",
      "type": "aws_security_group",
      "name": "aa",
      "provider": "provider.aws",
      "instances": [
        {
          "schema_version": 1,
          "attributes": {
            "arn": "arn:aws:ec2:us-east-2:973714476881:security-group/sg-045d9519bf604c775",
            "description": "aa",
            "egress": [
              {
                "cidr_blocks": [
                  "0.0.0.0/0"
                ],
                "description": "",
                "from_port": 0,
                "ipv6_cidr_blocks": [],
                "prefix_list_ids": [],
                "protocol": "-1",
                "security_groups": [],
                "self": false,
                "to_port": 0
              }
            ],
            "id": "sg-045d9519bf604c775",
            "ingress": [
              {
                "cidr_blocks": [
                  "0.0.0.0/0"
                ],
                "description": "",
                "from_port": 0,
                "ipv6_cidr_blocks": [],
                "prefix_list_ids": [],
                "protocol": "-1",
                "security_groups": [],
                "self": false,
                "to_port": 0
              }
            ],
            "name": "aa",
            "name_prefix": "",
            "owner_id": "973714476881",
            "revoke_rules_on_delete": false,
            "tags": {
              "Name": "aa"
            },
            "timeouts": null,
            "vpc_id": "vpc-4271752b"
          },
          "private": "eyJlMmJmYjczMC1lY2FhLTExZTYtOGY4OC0zNDM2M2JjN2M0YzAiOnsiY3JlYXRlIjo2MDAwMDAwMDAwMDAsImRlbGV0ZSI6NjAwMDAwMDAwMDAwfSwic2NoZW1hX3ZlcnNpb24iOiIxIn0="
        }
      ]
    },
    {
      "mode": "managed",
      "type": "aws_spot_instance_request",
      "name": "cheap_worker",
      "each": "list",
      "provider": "provider.aws",
      "instances": [
        {
          "index_key": 0,
          "schema_version": 0,
          "attributes": {
            "ami": "ami-0ed9d2e6b42fd9de7",
            "arn": null,
            "associate_public_ip_address": true,
            "availability_zone": null,
            "block_duration_minutes": 0,
            "cpu_core_count": null,
            "cpu_threads_per_core": null,
            "credit_specification": [],
            "disable_api_termination": null,
            "ebs_block_device": [],
            "ebs_optimized": null,
            "ephemeral_block_device": [],
            "get_password_data": false,
            "hibernation": null,
            "host_id": null,
            "iam_instance_profile": null,
            "id": "sir-fck8rfbk",
            "instance_initiated_shutdown_behavior": null,
            "instance_interruption_behaviour": "terminate",
            "instance_state": null,
            "instance_type": "t3.micro",
            "ipv6_address_count": 0,
            "ipv6_addresses": [],
            "key_name": null,
            "launch_group": "",
            "metadata_options": [],
            "monitoring": null,
            "network_interface": [],
            "outpost_arn": null,
            "password_data": "",
            "placement_group": null,
            "primary_network_interface_id": "eni-0162a2ead2c599af5",
            "private_dns": "ip-172-31-1-215.us-east-2.compute.internal",
            "private_ip": "172.31.1.215",
            "public_dns": "ec2-3-135-208-51.us-east-2.compute.amazonaws.com",
            "public_ip": "3.135.208.51",
            "root_block_device": [
              {
                "delete_on_termination": true,
                "device_name": "/dev/sda1",
                "encrypted": false,
                "iops": 100,
                "kms_key_id": "",
                "volume_id": "vol-0ed6a380d3ab87cd6",
                "volume_size": 16,
                "volume_type": "gp2"
              }
            ],
            "secondary_private_ips": [],
            "security_groups": [],
            "source_dest_check": true,
            "spot_bid_status": "fulfilled",
            "spot_instance_id": "i-0826b046f8b39fd15",
            "spot_price": "0.005",
            "spot_request_state": "active",
            "spot_type": "persistent",
            "subnet_id": "subnet-dcf4e1b5",
            "tags": {},
            "tenancy": null,
            "timeouts": null,
            "user_data": null,
            "user_data_base64": null,
            "valid_from": "0001-01-01T00:00:00Z",
            "valid_until": "0001-01-01T00:00:00Z",
            "volume_tags": null,
            "vpc_security_group_ids": [],
            "wait_for_fulfillment": false
          },
          "private": "eyJlMmJmYjczMC1lY2FhLTExZTYtOGY4OC0zNDM2M2JjN2M0YzAiOnsiY3JlYXRlIjo2MDAwMDAwMDAwMDAsImRlbGV0ZSI6MTIwMDAwMDAwMDAwMH19"
        },
        {
          "index_key": 1,
          "schema_version": 0,
          "attributes": {
            "ami": "ami-0ed9d2e6b42fd9de7",
            "arn": null,
            "associate_public_ip_address": true,
            "availability_zone": null,
            "block_duration_minutes": 0,
            "cpu_core_count": null,
            "cpu_threads_per_core": null,
            "credit_specification": [],
            "disable_api_termination": null,
            "ebs_block_device": [],
            "ebs_optimized": null,
            "ephemeral_block_device": [],
            "get_password_data": false,
            "hibernation": null,
            "host_id": null,
            "iam_instance_profile": null,
            "id": "sir-yr88r9qk",
            "instance_initiated_shutdown_behavior": null,
            "instance_interruption_behaviour": "terminate",
            "instance_state": null,
            "instance_type": "t3.micro",
            "ipv6_address_count": 0,
            "ipv6_addresses": [],
            "key_name": null,
            "launch_group": "",
            "metadata_options": [],
            "monitoring": null,
            "network_interface": [],
            "outpost_arn": null,
            "password_data": "",
            "placement_group": null,
            "primary_network_interface_id": "eni-04ad5abbd1b660bd9",
            "private_dns": "ip-172-31-1-221.us-east-2.compute.internal",
            "private_ip": "172.31.1.221",
            "public_dns": "ec2-3-133-118-162.us-east-2.compute.amazonaws.com",
            "public_ip": "3.133.118.162",
            "root_block_device": [
              {
                "delete_on_termination": true,
                "device_name": "/dev/sda1",
                "encrypted": false,
                "iops": 100,
                "kms_key_id": "",
                "volume_id": "vol-0b454b443a82e258a",
                "volume_size": 16,
                "volume_type": "gp2"
              }
            ],
            "secondary_private_ips": [],
            "security_groups": [],
            "source_dest_check": true,
            "spot_bid_status": "fulfilled",
            "spot_instance_id": "i-0c19b783e410195ba",
            "spot_price": "0.005",
            "spot_request_state": "active",
            "spot_type": "persistent",
            "subnet_id": "subnet-dcf4e1b5",
            "tags": {},
            "tenancy": null,
            "timeouts": null,
            "user_data": null,
            "user_data_base64": null,
            "valid_from": "0001-01-01T00:00:00Z",
            "valid_until": "0001-01-01T00:00:00Z",
            "volume_tags": null,
            "vpc_security_group_ids": [],
            "wait_for_fulfillment": false
          },
          "private": "eyJlMmJmYjczMC1lY2FhLTExZTYtOGY4OC0zNDM2M2JjN2M0YzAiOnsiY3JlYXRlIjo2MDAwMDAwMDAwMDAsImRlbGV0ZSI6MTIwMDAwMDAwMDAwMH19"
        },
        {
          "index_key": 2,
          "schema_version": 0,
          "attributes": {
            "ami": "ami-0ed9d2e6b42fd9de7",
            "arn": null,
            "associate_public_ip_address": true,
            "availability_zone": null,
            "block_duration_minutes": 0,
            "cpu_core_count": null,
            "cpu_threads_per_core": null,
            "credit_specification": [],
            "disable_api_termination": null,
            "ebs_block_device": [],
            "ebs_optimized": null,
            "ephemeral_block_device": [],
            "get_password_data": false,
            "hibernation": null,
            "host_id": null,
            "iam_instance_profile": null,
            "id": "sir-8fnrrxmj",
            "instance_initiated_shutdown_behavior": null,
            "instance_interruption_behaviour": "terminate",
            "instance_state": null,
            "instance_type": "t3.micro",
            "ipv6_address_count": 0,
            "ipv6_addresses": [],
            "key_name": null,
            "launch_group": "",
            "metadata_options": [],
            "monitoring": null,
            "network_interface": [],
            "outpost_arn": null,
            "password_data": "",
            "placement_group": null,
            "primary_network_interface_id": "eni-09cdabb98145e8e11",
            "private_dns": "ip-172-31-12-94.us-east-2.compute.internal",
            "private_ip": "172.31.12.94",
            "public_dns": "ec2-3-137-165-174.us-east-2.compute.amazonaws.com",
            "public_ip": "3.137.165.174",
            "root_block_device": [
              {
                "delete_on_termination": true,
                "device_name": "/dev/sda1",
                "encrypted": false,
                "iops": 100,
                "kms_key_id": "",
                "volume_id": "vol-05a55687f34814dda",
                "volume_size": 16,
                "volume_type": "gp2"
              }
            ],
            "secondary_private_ips": [],
            "security_groups": [],
            "source_dest_check": true,
            "spot_bid_status": "fulfilled",
            "spot_instance_id": "i-0115823b9240324b7",
            "spot_price": "0.005",
            "spot_request_state": "active",
            "spot_type": "persistent",
            "subnet_id": "subnet-dcf4e1b5",
            "tags": {},
            "tenancy": null,
            "timeouts": null,
            "user_data": null,
            "user_data_base64": null,
            "valid_from": "0001-01-01T00:00:00Z",
            "valid_until": "0001-01-01T00:00:00Z",
            "volume_tags": null,
            "vpc_security_group_ids": [],
            "wait_for_fulfillment": false
          },
          "private": "eyJlMmJmYjczMC1lY2FhLTExZTYtOGY4OC0zNDM2M2JjN2M0YzAiOnsiY3JlYXRlIjo2MDAwMDAwMDAwMDAsImRlbGV0ZSI6MTIwMDAwMDAwMDAwMH19"
        },
        {
          "index_key": 3,
          "schema_version": 0,
          "attributes": {
            "ami": "ami-0ed9d2e6b42fd9de7",
            "arn": null,
            "associate_public_ip_address": true,
            "availability_zone": null,
            "block_duration_minutes": 0,
            "cpu_core_count": null,
            "cpu_threads_per_core": null,
            "credit_specification": [],
            "disable_api_termination": null,
            "ebs_block_device": [],
            "ebs_optimized": null,
            "ephemeral_block_device": [],
            "get_password_data": false,
            "hibernation": null,
            "host_id": null,
            "iam_instance_profile": null,
            "id": "sir-g8ertdnh",
            "instance_initiated_shutdown_behavior": null,
            "instance_interruption_behaviour": "terminate",
            "instance_state": null,
            "instance_type": "t3.micro",
            "ipv6_address_count": 0,
            "ipv6_addresses": [],
            "key_name": null,
            "launch_group": "",
            "metadata_options": [],
            "monitoring": null,
            "network_interface": [],
            "outpost_arn": null,
            "password_data": "",
            "placement_group": null,
            "primary_network_interface_id": "eni-0eb7573dd8e10ddcc",
            "private_dns": "ip-172-31-8-28.us-east-2.compute.internal",
            "private_ip": "172.31.8.28",
            "public_dns": "ec2-3-137-165-76.us-east-2.compute.amazonaws.com",
            "public_ip": "3.137.165.76",
            "root_block_device": [
              {
                "delete_on_termination": true,
                "device_name": "/dev/sda1",
                "encrypted": false,
                "iops": 100,
                "kms_key_id": "",
                "volume_id": "vol-0ec30dc5ef35b2bba",
                "volume_size": 16,
                "volume_type": "gp2"
              }
            ],
            "secondary_private_ips": [],
            "security_groups": [],
            "source_dest_check": true,
            "spot_bid_status": "fulfilled",
            "spot_instance_id": "i-048a4ad75d11e4765",
            "spot_price": "0.005",
            "spot_request_state": "active",
            "spot_type": "persistent",
            "subnet_id": "subnet-dcf4e1b5",
            "tags": {},
            "tenancy": null,
            "timeouts": null,
            "user_data": null,
            "user_data_base64": null,
            "valid_from": "0001-01-01T00:00:00Z",
            "valid_until": "0001-01-01T00:00:00Z",
            "volume_tags": null,
            "vpc_security_group_ids": [],
            "wait_for_fulfillment": false
          },
          "private": "eyJlMmJmYjczMC1lY2FhLTExZTYtOGY4OC0zNDM2M2JjN2M0YzAiOnsiY3JlYXRlIjo2MDAwMDAwMDAwMDAsImRlbGV0ZSI6MTIwMDAwMDAwMDAwMH19"
        },
        {
          "index_key": 4,
          "schema_version": 0,
          "attributes": {
            "ami": "ami-0ed9d2e6b42fd9de7",
            "arn": null,
            "associate_public_ip_address": true,
            "availability_zone": null,
            "block_duration_minutes": 0,
            "cpu_core_count": null,
            "cpu_threads_per_core": null,
            "credit_specification": [],
            "disable_api_termination": null,
            "ebs_block_device": [],
            "ebs_optimized": null,
            "ephemeral_block_device": [],
            "get_password_data": false,
            "hibernation": null,
            "host_id": null,
            "iam_instance_profile": null,
            "id": "sir-my1itr8h",
            "instance_initiated_shutdown_behavior": null,
            "instance_interruption_behaviour": "terminate",
            "instance_state": null,
            "instance_type": "t3.micro",
            "ipv6_address_count": 0,
            "ipv6_addresses": [],
            "key_name": null,
            "launch_group": "",
            "metadata_options": [],
            "monitoring": null,
            "network_interface": [],
            "outpost_arn": null,
            "password_data": "",
            "placement_group": null,
            "primary_network_interface_id": "eni-0d1546c7a4ef9d940",
            "private_dns": "ip-172-31-1-11.us-east-2.compute.internal",
            "private_ip": "172.31.1.11",
            "public_dns": "ec2-3-129-72-155.us-east-2.compute.amazonaws.com",
            "public_ip": "3.129.72.155",
            "root_block_device": [
              {
                "delete_on_termination": true,
                "device_name": "/dev/sda1",
                "encrypted": false,
                "iops": 100,
                "kms_key_id": "",
                "volume_id": "vol-0cba38c6e435c3589",
                "volume_size": 16,
                "volume_type": "gp2"
              }
            ],
            "secondary_private_ips": [],
            "security_groups": [],
            "source_dest_check": true,
            "spot_bid_status": "fulfilled",
            "spot_instance_id": "i-08bb71e8eb295240e",
            "spot_price": "0.005",
            "spot_request_state": "active",
            "spot_type": "persistent",
            "subnet_id": "subnet-dcf4e1b5",
            "tags": {},
            "tenancy": null,
            "timeouts": null,
            "user_data": null,
            "user_data_base64": null,
            "valid_from": "0001-01-01T00:00:00Z",
            "valid_until": "0001-01-01T00:00:00Z",
            "volume_tags": null,
            "vpc_security_group_ids": [],
            "wait_for_fulfillment": false
          },
          "private": "eyJlMmJmYjczMC1lY2FhLTExZTYtOGY4OC0zNDM2M2JjN2M0YzAiOnsiY3JlYXRlIjo2MDAwMDAwMDAwMDAsImRlbGV0ZSI6MTIwMDAwMDAwMDAwMH19"
        },
        {
          "index_key": 5,
          "schema_version": 0,
          "attributes": {
            "ami": "ami-0ed9d2e6b42fd9de7",
            "arn": null,
            "associate_public_ip_address": true,
            "availability_zone": null,
            "block_duration_minutes": 0,
            "cpu_core_count": null,
            "cpu_threads_per_core": null,
            "credit_specification": [],
            "disable_api_termination": null,
            "ebs_block_device": [],
            "ebs_optimized": null,
            "ephemeral_block_device": [],
            "get_password_data": false,
            "hibernation": null,
            "host_id": null,
            "iam_instance_profile": null,
            "id": "sir-t61ir4ej",
            "instance_initiated_shutdown_behavior": null,
            "instance_interruption_behaviour": "terminate",
            "instance_state": null,
            "instance_type": "t3.micro",
            "ipv6_address_count": 0,
            "ipv6_addresses": [],
            "key_name": null,
            "launch_group": "",
            "metadata_options": [],
            "monitoring": null,
            "network_interface": [],
            "outpost_arn": null,
            "password_data": "",
            "placement_group": null,
            "primary_network_interface_id": "eni-075c85a96907e9db9",
            "private_dns": "ip-172-31-12-18.us-east-2.compute.internal",
            "private_ip": "172.31.12.18",
            "public_dns": "ec2-18-222-107-24.us-east-2.compute.amazonaws.com",
            "public_ip": "18.222.107.24",
            "root_block_device": [
              {
                "delete_on_termination": true,
                "device_name": "/dev/sda1",
                "encrypted": false,
                "iops": 100,
                "kms_key_id": "",
                "volume_id": "vol-02f7c30506c94c624",
                "volume_size": 16,
                "volume_type": "gp2"
              }
            ],
            "secondary_private_ips": [],
            "security_groups": [],
            "source_dest_check": true,
            "spot_bid_status": "fulfilled",
            "spot_instance_id": "i-09057cbbfb0a55ffd",
            "spot_price": "0.005",
            "spot_request_state": "active",
            "spot_type": "persistent",
            "subnet_id": "subnet-dcf4e1b5",
            "tags": {},
            "tenancy": null,
            "timeouts": null,
            "user_data": null,
            "user_data_base64": null,
            "valid_from": "0001-01-01T00:00:00Z",
            "valid_until": "0001-01-01T00:00:00Z",
            "volume_tags": null,
            "vpc_security_group_ids": [],
            "wait_for_fulfillment": false
          },
          "private": "eyJlMmJmYjczMC1lY2FhLTExZTYtOGY4OC0zNDM2M2JjN2M0YzAiOnsiY3JlYXRlIjo2MDAwMDAwMDAwMDAsImRlbGV0ZSI6MTIwMDAwMDAwMDAwMH19"
        },
        {
          "index_key": 6,
          "schema_version": 0,
          "attributes": {
            "ami": "ami-0ed9d2e6b42fd9de7",
            "arn": null,
            "associate_public_ip_address": true,
            "availability_zone": null,
            "block_duration_minutes": 0,
            "cpu_core_count": null,
            "cpu_threads_per_core": null,
            "credit_specification": [],
            "disable_api_termination": null,
            "ebs_block_device": [],
            "ebs_optimized": null,
            "ephemeral_block_device": [],
            "get_password_data": false,
            "hibernation": null,
            "host_id": null,
            "iam_instance_profile": null,
            "id": "sir-camgrd6g",
            "instance_initiated_shutdown_behavior": null,
            "instance_interruption_behaviour": "terminate",
            "instance_state": null,
            "instance_type": "t3.micro",
            "ipv6_address_count": 0,
            "ipv6_addresses": [],
            "key_name": null,
            "launch_group": "",
            "metadata_options": [],
            "monitoring": null,
            "network_interface": [],
            "outpost_arn": null,
            "password_data": "",
            "placement_group": null,
            "primary_network_interface_id": "eni-0ecb7cdba36d805b8",
            "private_dns": "ip-172-31-9-145.us-east-2.compute.internal",
            "private_ip": "172.31.9.145",
            "public_dns": "ec2-3-129-70-6.us-east-2.compute.amazonaws.com",
            "public_ip": "3.129.70.6",
            "root_block_device": [
              {
                "delete_on_termination": true,
                "device_name": "/dev/sda1",
                "encrypted": false,
                "iops": 100,
                "kms_key_id": "",
                "volume_id": "vol-02b8167a0eddc75e2",
                "volume_size": 16,
                "volume_type": "gp2"
              }
            ],
            "secondary_private_ips": [],
            "security_groups": [],
            "source_dest_check": true,
            "spot_bid_status": "fulfilled",
            "spot_instance_id": "i-0571746c0a1eddb54",
            "spot_price": "0.005",
            "spot_request_state": "active",
            "spot_type": "persistent",
            "subnet_id": "subnet-dcf4e1b5",
            "tags": {},
            "tenancy": null,
            "timeouts": null,
            "user_data": null,
            "user_data_base64": null,
            "valid_from": "0001-01-01T00:00:00Z",
            "valid_until": "0001-01-01T00:00:00Z",
            "volume_tags": null,
            "vpc_security_group_ids": [],
            "wait_for_fulfillment": false
          },
          "private": "eyJlMmJmYjczMC1lY2FhLTExZTYtOGY4OC0zNDM2M2JjN2M0YzAiOnsiY3JlYXRlIjo2MDAwMDAwMDAwMDAsImRlbGV0ZSI6MTIwMDAwMDAwMDAwMH19"
        },
        {
          "index_key": 7,
          "schema_version": 0,
          "attributes": {
            "ami": "ami-0ed9d2e6b42fd9de7",
            "arn": null,
            "associate_public_ip_address": true,
            "availability_zone": null,
            "block_duration_minutes": 0,
            "cpu_core_count": null,
            "cpu_threads_per_core": null,
            "credit_specification": [],
            "disable_api_termination": null,
            "ebs_block_device": [],
            "ebs_optimized": null,
            "ephemeral_block_device": [],
            "get_password_data": false,
            "hibernation": null,
            "host_id": null,
            "iam_instance_profile": null,
            "id": "sir-hisgtgsj",
            "instance_initiated_shutdown_behavior": null,
            "instance_interruption_behaviour": "terminate",
            "instance_state": null,
            "instance_type": "t3.micro",
            "ipv6_address_count": 0,
            "ipv6_addresses": [],
            "key_name": null,
            "launch_group": "",
            "metadata_options": [],
            "monitoring": null,
            "network_interface": [],
            "outpost_arn": null,
            "password_data": "",
            "placement_group": null,
            "primary_network_interface_id": "eni-0343d0e9be053ca78",
            "private_dns": "ip-172-31-14-86.us-east-2.compute.internal",
            "private_ip": "172.31.14.86",
            "public_dns": "ec2-3-133-138-58.us-east-2.compute.amazonaws.com",
            "public_ip": "3.133.138.58",
            "root_block_device": [
              {
                "delete_on_termination": true,
                "device_name": "/dev/sda1",
                "encrypted": false,
                "iops": 100,
                "kms_key_id": "",
                "volume_id": "vol-0f431a22a5ce321a5",
                "volume_size": 16,
                "volume_type": "gp2"
              }
            ],
            "secondary_private_ips": [],
            "security_groups": [],
            "source_dest_check": true,
            "spot_bid_status": "fulfilled",
            "spot_instance_id": "i-09eccdcc14d8a4bff",
            "spot_price": "0.005",
            "spot_request_state": "active",
            "spot_type": "persistent",
            "subnet_id": "subnet-dcf4e1b5",
            "tags": {},
            "tenancy": null,
            "timeouts": null,
            "user_data": null,
            "user_data_base64": null,
            "valid_from": "0001-01-01T00:00:00Z",
            "valid_until": "0001-01-01T00:00:00Z",
            "volume_tags": null,
            "vpc_security_group_ids": [],
            "wait_for_fulfillment": false
          },
          "private": "eyJlMmJmYjczMC1lY2FhLTExZTYtOGY4OC0zNDM2M2JjN2M0YzAiOnsiY3JlYXRlIjo2MDAwMDAwMDAwMDAsImRlbGV0ZSI6MTIwMDAwMDAwMDAwMH19"
        },
        {
          "index_key": 8,
          "schema_version": 0,
          "attributes": {
            "ami": "ami-0ed9d2e6b42fd9de7",
            "arn": null,
            "associate_public_ip_address": true,
            "availability_zone": null,
            "block_duration_minutes": 0,
            "cpu_core_count": null,
            "cpu_threads_per_core": null,
            "credit_specification": [],
            "disable_api_termination": null,
            "ebs_block_device": [],
            "ebs_optimized": null,
            "ephemeral_block_device": [],
            "get_password_data": false,
            "hibernation": null,
            "host_id": null,
            "iam_instance_profile": null,
            "id": "sir-yapgvjvj",
            "instance_initiated_shutdown_behavior": null,
            "instance_interruption_behaviour": "terminate",
            "instance_state": null,
            "instance_type": "t3.micro",
            "ipv6_address_count": 0,
            "ipv6_addresses": [],
            "key_name": null,
            "launch_group": "",
            "metadata_options": [],
            "monitoring": null,
            "network_interface": [],
            "outpost_arn": null,
            "password_data": "",
            "placement_group": null,
            "primary_network_interface_id": "eni-05960167d8f5fb186",
            "private_dns": "ip-172-31-3-58.us-east-2.compute.internal",
            "private_ip": "172.31.3.58",
            "public_dns": "ec2-3-12-123-205.us-east-2.compute.amazonaws.com",
            "public_ip": "3.12.123.205",
            "root_block_device": [
              {
                "delete_on_termination": true,
                "device_name": "/dev/sda1",
                "encrypted": false,
                "iops": 100,
                "kms_key_id": "",
                "volume_id": "vol-022cb2592768e2d5c",
                "volume_size": 16,
                "volume_type": "gp2"
              }
            ],
            "secondary_private_ips": [],
            "security_groups": [],
            "source_dest_check": true,
            "spot_bid_status": "fulfilled",
            "spot_instance_id": "i-0323534a9f2ddc8ba",
            "spot_price": "0.005",
            "spot_request_state": "active",
            "spot_type": "persistent",
            "subnet_id": "subnet-dcf4e1b5",
            "tags": {},
            "tenancy": null,
            "timeouts": null,
            "user_data": null,
            "user_data_base64": null,
            "valid_from": "0001-01-01T00:00:00Z",
            "valid_until": "0001-01-01T00:00:00Z",
            "volume_tags": null,
            "vpc_security_group_ids": [],
            "wait_for_fulfillment": false
          },
          "private": "eyJlMmJmYjczMC1lY2FhLTExZTYtOGY4OC0zNDM2M2JjN2M0YzAiOnsiY3JlYXRlIjo2MDAwMDAwMDAwMDAsImRlbGV0ZSI6MTIwMDAwMDAwMDAwMH19"
        },
        {
          "index_key": 9,
          "schema_version": 0,
          "attributes": {
            "ami": "ami-0ed9d2e6b42fd9de7",
            "arn": null,
            "associate_public_ip_address": true,
            "availability_zone": null,
            "block_duration_minutes": 0,
            "cpu_core_count": null,
            "cpu_threads_per_core": null,
            "credit_specification": [],
            "disable_api_termination": null,
            "ebs_block_device": [],
            "ebs_optimized": null,
            "ephemeral_block_device": [],
            "get_password_data": false,
            "hibernation": null,
            "host_id": null,
            "iam_instance_profile": null,
            "id": "sir-sanirc5h",
            "instance_initiated_shutdown_behavior": null,
            "instance_interruption_behaviour": "terminate",
            "instance_state": null,
            "instance_type": "t3.micro",
            "ipv6_address_count": 0,
            "ipv6_addresses": [],
            "key_name": null,
            "launch_group": "",
            "metadata_options": [],
            "monitoring": null,
            "network_interface": [],
            "outpost_arn": null,
            "password_data": "",
            "placement_group": null,
            "primary_network_interface_id": "eni-0fa53de5135c6e0df",
            "private_dns": "ip-172-31-13-37.us-east-2.compute.internal",
            "private_ip": "172.31.13.37",
            "public_dns": "ec2-18-223-203-69.us-east-2.compute.amazonaws.com",
            "public_ip": "18.223.203.69",
            "root_block_device": [
              {
                "delete_on_termination": true,
                "device_name": "/dev/sda1",
                "encrypted": false,
                "iops": 100,
                "kms_key_id": "",
                "volume_id": "vol-0aebeb34e6882812c",
                "volume_size": 16,
                "volume_type": "gp2"
              }
            ],
            "secondary_private_ips": [],
            "security_groups": [],
            "source_dest_check": true,
            "spot_bid_status": "fulfilled",
            "spot_instance_id": "i-0ba74b53431ac3e5f",
            "spot_price": "0.005",
            "spot_request_state": "active",
            "spot_type": "persistent",
            "subnet_id": "subnet-dcf4e1b5",
            "tags": {},
            "tenancy": null,
            "timeouts": null,
            "user_data": null,
            "user_data_base64": null,
            "valid_from": "0001-01-01T00:00:00Z",
            "valid_until": "0001-01-01T00:00:00Z",
            "volume_tags": null,
            "vpc_security_group_ids": [],
            "wait_for_fulfillment": false
          },
          "private": "eyJlMmJmYjczMC1lY2FhLTExZTYtOGY4OC0zNDM2M2JjN2M0YzAiOnsiY3JlYXRlIjo2MDAwMDAwMDAwMDAsImRlbGV0ZSI6MTIwMDAwMDAwMDAwMH19"
        }
      ]
    },
    {
      "mode": "managed",
      "type": "null_resource",
      "name": "cli",
      "each": "list",
      "provider": "provider.null",
      "instances": [
        {
          "index_key": 0,
          "schema_version": 0,
          "attributes": {
            "id": "9121198083839795075",
            "triggers": null
          },
          "private": "bnVsbA==",
          "dependencies": [
            "aws_security_group.aa",
            "aws_spot_instance_request.cheap_worker"
          ]
        },
        {
          "index_key": 1,
          "schema_version": 0,
          "attributes": {
            "id": "3343496659808736908",
            "triggers": null
          },
          "private": "bnVsbA==",
          "dependencies": [
            "aws_security_group.aa",
            "aws_spot_instance_request.cheap_worker"
          ]
        },
        {
          "index_key": 2,
          "schema_version": 0,
          "attributes": {
            "id": "1052350701886712138",
            "triggers": null
          },
          "private": "bnVsbA==",
          "dependencies": [
            "aws_security_group.aa",
            "aws_spot_instance_request.cheap_worker"
          ]
        },
        {
          "index_key": 3,
          "schema_version": 0,
          "attributes": {
            "id": "3632791513401127024",
            "triggers": null
          },
          "private": "bnVsbA==",
          "dependencies": [
            "aws_security_group.aa",
            "aws_spot_instance_request.cheap_worker"
          ]
        },
        {
          "index_key": 4,
          "schema_version": 0,
          "attributes": {
            "id": "2559834557735728729",
            "triggers": null
          },
          "private": "bnVsbA==",
          "dependencies": [
            "aws_security_group.aa",
            "aws_spot_instance_request.cheap_worker"
          ]
        },
        {
          "index_key": 5,
          "schema_version": 0,
          "attributes": {
            "id": "5458991413728596889",
            "triggers": null
          },
          "private": "bnVsbA==",
          "dependencies": [
            "aws_security_group.aa",
            "aws_spot_instance_request.cheap_worker"
          ]
        },
        {
          "index_key": 6,
          "schema_version": 0,
          "attributes": {
            "id": "2750795947088786107",
            "triggers": null
          },
          "private": "bnVsbA==",
          "dependencies": [
            "aws_security_group.aa",
            "aws_spot_instance_request.cheap_worker"
          ]
        },
        {
          "index_key": 7,
          "schema_version": 0,
          "attributes": {
            "id": "8655824986299668338",
            "triggers": null
          },
          "private": "bnVsbA==",
          "dependencies": [
            "aws_security_group.aa",
            "aws_spot_instance_request.cheap_worker"
          ]
        },
        {
          "index_key": 8,
          "schema_version": 0,
          "attributes": {
            "id": "8562139287146817299",
            "triggers": null
          },
          "private": "bnVsbA==",
          "dependencies": [
            "aws_security_group.aa",
            "aws_spot_instance_request.cheap_worker"
          ]
        },
        {
          "index_key": 9,
          "schema_version": 0,
          "attributes": {
            "id": "9170730924633234100",
            "triggers": null
          },
          "private": "bnVsbA==",
          "dependencies": [
            "aws_security_group.aa",
            "aws_spot_instance_request.cheap_worker"
          ]
        }
      ]
    }
  ]
}
